// !$*UTF8*$!
{
	archiveVersion = 1;
	classes = {
	};
	objectVersion = 56;
	objects = {

/* Begin PBXBuildFile section */
		02F0EA3F88A7C5D32D22DBF6 /* Pods_BlockBlastV4Tests.framework in Frameworks */ = {isa = PBXBuildFile; fileRef = D730D826F1988C0C789ED3EC /* Pods_BlockBlastV4Tests.framework */; };
		261600002CEAF7C000590245 /* BlockBlastV4UITests.swift in Sources */ = {isa = PBXBuildFile; fileRef = 2616FFFF2CEAF7C000590245 /* BlockBlastV4UITests.swift */; };
		261600022CEAF7C000590245 /* BlockBlastV4UITestsLaunchTests.swift in Sources */ = {isa = PBXBuildFile; fileRef = 261600012CEAF7C000590245 /* BlockBlastV4UITestsLaunchTests.swift */; };
		2616000F2CEAF94C00590245 /* GoogleService-Info.plist in Resources */ = {isa = PBXBuildFile; fileRef = 2616000E2CEAF94C00590245 /* GoogleService-Info.plist */; };
		2616FFDC2CEAF7BD00590245 /* AppDelegate.swift in Sources */ = {isa = PBXBuildFile; fileRef = 2616FFDB2CEAF7BD00590245 /* AppDelegate.swift */; };
		2616FFDE2CEAF7BD00590245 /* GameScene.sks in Resources */ = {isa = PBXBuildFile; fileRef = 2616FFDD2CEAF7BD00590245 /* GameScene.sks */; };
		2616FFE02CEAF7BD00590245 /* Actions.sks in Resources */ = {isa = PBXBuildFile; fileRef = 2616FFDF2CEAF7BD00590245 /* Actions.sks */; };
		2616FFE72CEAF7BD00590245 /* Main.storyboard in Resources */ = {isa = PBXBuildFile; fileRef = 2616FFE52CEAF7BD00590245 /* Main.storyboard */; };
		2616FFE92CEAF7BF00590245 /* Assets.xcassets in Resources */ = {isa = PBXBuildFile; fileRef = 2616FFE82CEAF7BF00590245 /* Assets.xcassets */; };
		2616FFEC2CEAF7BF00590245 /* LaunchScreen.storyboard in Resources */ = {isa = PBXBuildFile; fileRef = 2616FFEA2CEAF7BF00590245 /* LaunchScreen.storyboard */; };
		2616FFF62CEAF7C000590245 /* BlockBlastV4Tests.swift in Sources */ = {isa = PBXBuildFile; fileRef = 2616FFF52CEAF7C000590245 /* BlockBlastV4Tests.swift */; };
		2669E51A2CEAFD390092B7EA /* StorageManager.swift in Sources */ = {isa = PBXBuildFile; fileRef = 2669E5192CEAFD390092B7EA /* StorageManager.swift */; };
		2669E51E2CEAFDD20092B7EA /* GameViewController.swift in Sources */ = {isa = PBXBuildFile; fileRef = 2669E51B2CEAFDCB0092B7EA /* GameViewController.swift */; };
		2669E51F2CEAFDD20092B7EA /* GameScene.swift in Sources */ = {isa = PBXBuildFile; fileRef = 2669E51C2CEAFDCE0092B7EA /* GameScene.swift */; };
		2669E5202CEAFDD20092B7EA /* GameOverScene.swift in Sources */ = {isa = PBXBuildFile; fileRef = 2669E51D2CEAFDD20092B7EA /* GameOverScene.swift */; };
		283A86F0550E62380BFC2425 /* Pods_BlockBlastV4.framework in Frameworks */ = {isa = PBXBuildFile; fileRef = 431D09E229BDDF392DD6FD70 /* Pods_BlockBlastV4.framework */; };
		98A28EE07AC9287F81C07B98 /* Pods_BlockBlastV4_BlockBlastV4UITests.framework in Frameworks */ = {isa = PBXBuildFile; fileRef = ABEA117ECB86544E95A3912F /* Pods_BlockBlastV4_BlockBlastV4UITests.framework */; };
/* End PBXBuildFile section */

/* Begin PBXContainerItemProxy section */
		2616FFF22CEAF7C000590245 /* PBXContainerItemProxy */ = {
			isa = PBXContainerItemProxy;
			containerPortal = 2616FFD02CEAF7BD00590245 /* Project object */;
			proxyType = 1;
			remoteGlobalIDString = 2616FFD72CEAF7BD00590245;
			remoteInfo = BlockBlastV4;
		};
		2616FFFC2CEAF7C000590245 /* PBXContainerItemProxy */ = {
			isa = PBXContainerItemProxy;
			containerPortal = 2616FFD02CEAF7BD00590245 /* Project object */;
			proxyType = 1;
			remoteGlobalIDString = 2616FFD72CEAF7BD00590245;
			remoteInfo = BlockBlastV4;
		};
/* End PBXContainerItemProxy section */

/* Begin PBXFileReference section */
		074A87EEB1F141744EE58777 /* Pods-BlockBlastV4.debug.xcconfig */ = {isa = PBXFileReference; includeInIndex = 1; lastKnownFileType = text.xcconfig; name = "Pods-BlockBlastV4.debug.xcconfig"; path = "Target Support Files/Pods-BlockBlastV4/Pods-BlockBlastV4.debug.xcconfig"; sourceTree = "<group>"; };
		261600012CEAF7C000590245 /* BlockBlastV4UITestsLaunchTests.swift */ = {isa = PBXFileReference; lastKnownFileType = sourcecode.swift; path = BlockBlastV4UITestsLaunchTests.swift; sourceTree = "<group>"; };
		2616000E2CEAF94C00590245 /* GoogleService-Info.plist */ = {isa = PBXFileReference; fileEncoding = 4; lastKnownFileType = text.plist.xml; path = "GoogleService-Info.plist"; sourceTree = "<group>"; };
		2616FFD82CEAF7BD00590245 /* BlockBlastV4.app */ = {isa = PBXFileReference; explicitFileType = wrapper.application; includeInIndex = 0; path = BlockBlastV4.app; sourceTree = BUILT_PRODUCTS_DIR; };
		2616FFDB2CEAF7BD00590245 /* AppDelegate.swift */ = {isa = PBXFileReference; lastKnownFileType = sourcecode.swift; path = AppDelegate.swift; sourceTree = "<group>"; };
		2616FFDD2CEAF7BD00590245 /* GameScene.sks */ = {isa = PBXFileReference; lastKnownFileType = file.sks; path = GameScene.sks; sourceTree = "<group>"; };
		2616FFDF2CEAF7BD00590245 /* Actions.sks */ = {isa = PBXFileReference; lastKnownFileType = file.sks; path = Actions.sks; sourceTree = "<group>"; };
		2616FFE62CEAF7BD00590245 /* Base */ = {isa = PBXFileReference; lastKnownFileType = file.storyboard; name = Base; path = Base.lproj/Main.storyboard; sourceTree = "<group>"; };
		2616FFE82CEAF7BF00590245 /* Assets.xcassets */ = {isa = PBXFileReference; lastKnownFileType = folder.assetcatalog; path = Assets.xcassets; sourceTree = "<group>"; };
		2616FFEB2CEAF7BF00590245 /* Base */ = {isa = PBXFileReference; lastKnownFileType = file.storyboard; name = Base; path = Base.lproj/LaunchScreen.storyboard; sourceTree = "<group>"; };
		2616FFF12CEAF7C000590245 /* BlockBlastV4Tests.xctest */ = {isa = PBXFileReference; explicitFileType = wrapper.cfbundle; includeInIndex = 0; path = BlockBlastV4Tests.xctest; sourceTree = BUILT_PRODUCTS_DIR; };
		2616FFF52CEAF7C000590245 /* BlockBlastV4Tests.swift */ = {isa = PBXFileReference; lastKnownFileType = sourcecode.swift; path = BlockBlastV4Tests.swift; sourceTree = "<group>"; };
		2616FFFB2CEAF7C000590245 /* BlockBlastV4UITests.xctest */ = {isa = PBXFileReference; explicitFileType = wrapper.cfbundle; includeInIndex = 0; path = BlockBlastV4UITests.xctest; sourceTree = BUILT_PRODUCTS_DIR; };
		2616FFFF2CEAF7C000590245 /* BlockBlastV4UITests.swift */ = {isa = PBXFileReference; lastKnownFileType = sourcecode.swift; path = BlockBlastV4UITests.swift; sourceTree = "<group>"; };
		2669E5192CEAFD390092B7EA /* StorageManager.swift */ = {isa = PBXFileReference; lastKnownFileType = sourcecode.swift; path = StorageManager.swift; sourceTree = "<group>"; };
		2669E51B2CEAFDCB0092B7EA /* GameViewController.swift */ = {isa = PBXFileReference; fileEncoding = 4; lastKnownFileType = sourcecode.swift; path = GameViewController.swift; sourceTree = "<group>"; };
		2669E51C2CEAFDCE0092B7EA /* GameScene.swift */ = {isa = PBXFileReference; fileEncoding = 4; lastKnownFileType = sourcecode.swift; path = GameScene.swift; sourceTree = "<group>"; };
		2669E51D2CEAFDD20092B7EA /* GameOverScene.swift */ = {isa = PBXFileReference; fileEncoding = 4; lastKnownFileType = sourcecode.swift; path = GameOverScene.swift; sourceTree = "<group>"; };
		310158C565E958161EB476B4 /* Pods-BlockBlastV4.release.xcconfig */ = {isa = PBXFileReference; includeInIndex = 1; lastKnownFileType = text.xcconfig; name = "Pods-BlockBlastV4.release.xcconfig"; path = "Target Support Files/Pods-BlockBlastV4/Pods-BlockBlastV4.release.xcconfig"; sourceTree = "<group>"; };
		431D09E229BDDF392DD6FD70 /* Pods_BlockBlastV4.framework */ = {isa = PBXFileReference; explicitFileType = wrapper.framework; includeInIndex = 0; path = Pods_BlockBlastV4.framework; sourceTree = BUILT_PRODUCTS_DIR; };
		703EBE21CB1EB7E3310CED17 /* Pods-BlockBlastV4Tests.debug.xcconfig */ = {isa = PBXFileReference; includeInIndex = 1; lastKnownFileType = text.xcconfig; name = "Pods-BlockBlastV4Tests.debug.xcconfig"; path = "Target Support Files/Pods-BlockBlastV4Tests/Pods-BlockBlastV4Tests.debug.xcconfig"; sourceTree = "<group>"; };
		A978E250FE775F897871A328 /* Pods-BlockBlastV4-BlockBlastV4UITests.release.xcconfig */ = {isa = PBXFileReference; includeInIndex = 1; lastKnownFileType = text.xcconfig; name = "Pods-BlockBlastV4-BlockBlastV4UITests.release.xcconfig"; path = "Target Support Files/Pods-BlockBlastV4-BlockBlastV4UITests/Pods-BlockBlastV4-BlockBlastV4UITests.release.xcconfig"; sourceTree = "<group>"; };
		ABEA117ECB86544E95A3912F /* Pods_BlockBlastV4_BlockBlastV4UITests.framework */ = {isa = PBXFileReference; explicitFileType = wrapper.framework; includeInIndex = 0; path = Pods_BlockBlastV4_BlockBlastV4UITests.framework; sourceTree = BUILT_PRODUCTS_DIR; };
		C25DFDF8719FD7A7F835AB7B /* Pods-BlockBlastV4-BlockBlastV4UITests.debug.xcconfig */ = {isa = PBXFileReference; includeInIndex = 1; lastKnownFileType = text.xcconfig; name = "Pods-BlockBlastV4-BlockBlastV4UITests.debug.xcconfig"; path = "Target Support Files/Pods-BlockBlastV4-BlockBlastV4UITests/Pods-BlockBlastV4-BlockBlastV4UITests.debug.xcconfig"; sourceTree = "<group>"; };
		D730D826F1988C0C789ED3EC /* Pods_BlockBlastV4Tests.framework */ = {isa = PBXFileReference; explicitFileType = wrapper.framework; includeInIndex = 0; path = Pods_BlockBlastV4Tests.framework; sourceTree = BUILT_PRODUCTS_DIR; };
		FE4876D1A85375B72EFE50BD /* Pods-BlockBlastV4Tests.release.xcconfig */ = {isa = PBXFileReference; includeInIndex = 1; lastKnownFileType = text.xcconfig; name = "Pods-BlockBlastV4Tests.release.xcconfig"; path = "Target Support Files/Pods-BlockBlastV4Tests/Pods-BlockBlastV4Tests.release.xcconfig"; sourceTree = "<group>"; };
/* End PBXFileReference section */

/* Begin PBXFrameworksBuildPhase section */
		2616FFD52CEAF7BD00590245 /* Frameworks */ = {
			isa = PBXFrameworksBuildPhase;
			buildActionMask = 2147483647;
			files = (
				283A86F0550E62380BFC2425 /* Pods_BlockBlastV4.framework in Frameworks */,
			);
			runOnlyForDeploymentPostprocessing = 0;
		};
		2616FFEE2CEAF7C000590245 /* Frameworks */ = {
			isa = PBXFrameworksBuildPhase;
			buildActionMask = 2147483647;
			files = (
				02F0EA3F88A7C5D32D22DBF6 /* Pods_BlockBlastV4Tests.framework in Frameworks */,
			);
			runOnlyForDeploymentPostprocessing = 0;
		};
		2616FFF82CEAF7C000590245 /* Frameworks */ = {
			isa = PBXFrameworksBuildPhase;
			buildActionMask = 2147483647;
			files = (
				98A28EE07AC9287F81C07B98 /* Pods_BlockBlastV4_BlockBlastV4UITests.framework in Frameworks */,
			);
			runOnlyForDeploymentPostprocessing = 0;
		};
/* End PBXFrameworksBuildPhase section */

/* Begin PBXGroup section */
		2616FFCF2CEAF7BD00590245 = {
			isa = PBXGroup;
			children = (
				2616FFDA2CEAF7BD00590245 /* BlockBlastV4 */,
				2616FFF42CEAF7C000590245 /* BlockBlastV4Tests */,
				2616FFFE2CEAF7C000590245 /* BlockBlastV4UITests */,
				2616FFD92CEAF7BD00590245 /* Products */,
				7FAE93D5D374C5F3CB56A9E4 /* Pods */,
				AC7DD4F89D683DA98FE8419F /* Frameworks */,
			);
			sourceTree = "<group>";
		};
		2616FFD92CEAF7BD00590245 /* Products */ = {
			isa = PBXGroup;
			children = (
				2616FFD82CEAF7BD00590245 /* BlockBlastV4.app */,
				2616FFF12CEAF7C000590245 /* BlockBlastV4Tests.xctest */,
				2616FFFB2CEAF7C000590245 /* BlockBlastV4UITests.xctest */,
			);
			name = Products;
			sourceTree = "<group>";
		};
		2616FFDA2CEAF7BD00590245 /* BlockBlastV4 */ = {
			isa = PBXGroup;
			children = (
				2669E5192CEAFD390092B7EA /* StorageManager.swift */,
				2616FFDB2CEAF7BD00590245 /* AppDelegate.swift */,
				2669E51D2CEAFDD20092B7EA /* GameOverScene.swift */,
				2669E51C2CEAFDCE0092B7EA /* GameScene.swift */,
				2669E51B2CEAFDCB0092B7EA /* GameViewController.swift */,
				2616FFDD2CEAF7BD00590245 /* GameScene.sks */,
				2616FFDF2CEAF7BD00590245 /* Actions.sks */,
				2616FFE52CEAF7BD00590245 /* Main.storyboard */,
				2616FFE82CEAF7BF00590245 /* Assets.xcassets */,
				2616FFEA2CEAF7BF00590245 /* LaunchScreen.storyboard */,
				2616000E2CEAF94C00590245 /* GoogleService-Info.plist */,
			);
			path = BlockBlastV4;
			sourceTree = "<group>";
		};
		2616FFF42CEAF7C000590245 /* BlockBlastV4Tests */ = {
			isa = PBXGroup;
			children = (
				2616FFF52CEAF7C000590245 /* BlockBlastV4Tests.swift */,
			);
			path = BlockBlastV4Tests;
			sourceTree = "<group>";
		};
		2616FFFE2CEAF7C000590245 /* BlockBlastV4UITests */ = {
			isa = PBXGroup;
			children = (
				2616FFFF2CEAF7C000590245 /* BlockBlastV4UITests.swift */,
				261600012CEAF7C000590245 /* BlockBlastV4UITestsLaunchTests.swift */,
			);
			path = BlockBlastV4UITests;
			sourceTree = "<group>";
		};
		7FAE93D5D374C5F3CB56A9E4 /* Pods */ = {
			isa = PBXGroup;
			children = (
				074A87EEB1F141744EE58777 /* Pods-BlockBlastV4.debug.xcconfig */,
				310158C565E958161EB476B4 /* Pods-BlockBlastV4.release.xcconfig */,
				C25DFDF8719FD7A7F835AB7B /* Pods-BlockBlastV4-BlockBlastV4UITests.debug.xcconfig */,
				A978E250FE775F897871A328 /* Pods-BlockBlastV4-BlockBlastV4UITests.release.xcconfig */,
				703EBE21CB1EB7E3310CED17 /* Pods-BlockBlastV4Tests.debug.xcconfig */,
				FE4876D1A85375B72EFE50BD /* Pods-BlockBlastV4Tests.release.xcconfig */,
			);
			path = Pods;
			sourceTree = "<group>";
		};
		AC7DD4F89D683DA98FE8419F /* Frameworks */ = {
			isa = PBXGroup;
			children = (
				431D09E229BDDF392DD6FD70 /* Pods_BlockBlastV4.framework */,
				ABEA117ECB86544E95A3912F /* Pods_BlockBlastV4_BlockBlastV4UITests.framework */,
				D730D826F1988C0C789ED3EC /* Pods_BlockBlastV4Tests.framework */,
			);
			name = Frameworks;
			sourceTree = "<group>";
		};
/* End PBXGroup section */

/* Begin PBXNativeTarget section */
		2616FFD72CEAF7BD00590245 /* BlockBlastV4 */ = {
			isa = PBXNativeTarget;
			buildConfigurationList = 261600052CEAF7C000590245 /* Build configuration list for PBXNativeTarget "BlockBlastV4" */;
			buildPhases = (
				C503202A72285F2FD3834E82 /* [CP] Check Pods Manifest.lock */,
				2616FFD42CEAF7BD00590245 /* Sources */,
				2616FFD52CEAF7BD00590245 /* Frameworks */,
				2616FFD62CEAF7BD00590245 /* Resources */,
				146310C4EEDDF21F712CDCB1 /* [CP] Embed Pods Frameworks */,
			);
			buildRules = (
			);
			dependencies = (
			);
			name = BlockBlastV4;
			productName = BlockBlastV4;
			productReference = 2616FFD82CEAF7BD00590245 /* BlockBlastV4.app */;
			productType = "com.apple.product-type.application";
		};
		2616FFF02CEAF7C000590245 /* BlockBlastV4Tests */ = {
			isa = PBXNativeTarget;
			buildConfigurationList = 261600082CEAF7C000590245 /* Build configuration list for PBXNativeTarget "BlockBlastV4Tests" */;
			buildPhases = (
				EFDEFBC50D2EACEFCE84150D /* [CP] Check Pods Manifest.lock */,
				2616FFED2CEAF7C000590245 /* Sources */,
				2616FFEE2CEAF7C000590245 /* Frameworks */,
				2616FFEF2CEAF7C000590245 /* Resources */,
			);
			buildRules = (
			);
			dependencies = (
				2616FFF32CEAF7C000590245 /* PBXTargetDependency */,
			);
			name = BlockBlastV4Tests;
			productName = BlockBlastV4Tests;
			productReference = 2616FFF12CEAF7C000590245 /* BlockBlastV4Tests.xctest */;
			productType = "com.apple.product-type.bundle.unit-test";
		};
		2616FFFA2CEAF7C000590245 /* BlockBlastV4UITests */ = {
			isa = PBXNativeTarget;
			buildConfigurationList = 2616000B2CEAF7C000590245 /* Build configuration list for PBXNativeTarget "BlockBlastV4UITests" */;
			buildPhases = (
				49CE860ACD14294BDA6D8BA4 /* [CP] Check Pods Manifest.lock */,
				2616FFF72CEAF7C000590245 /* Sources */,
				2616FFF82CEAF7C000590245 /* Frameworks */,
				2616FFF92CEAF7C000590245 /* Resources */,
				138220ED4859CEAED2697477 /* [CP] Embed Pods Frameworks */,
			);
			buildRules = (
			);
			dependencies = (
				2616FFFD2CEAF7C000590245 /* PBXTargetDependency */,
			);
			name = BlockBlastV4UITests;
			productName = BlockBlastV4UITests;
			productReference = 2616FFFB2CEAF7C000590245 /* BlockBlastV4UITests.xctest */;
			productType = "com.apple.product-type.bundle.ui-testing";
		};
/* End PBXNativeTarget section */

/* Begin PBXProject section */
		2616FFD02CEAF7BD00590245 /* Project object */ = {
			isa = PBXProject;
			attributes = {
				BuildIndependentTargetsInParallel = 1;
				LastSwiftUpdateCheck = 1510;
				LastUpgradeCheck = 1510;
				TargetAttributes = {
					2616FFD72CEAF7BD00590245 = {
						CreatedOnToolsVersion = 15.1;
					};
					2616FFF02CEAF7C000590245 = {
						CreatedOnToolsVersion = 15.1;
						TestTargetID = 2616FFD72CEAF7BD00590245;
					};
					2616FFFA2CEAF7C000590245 = {
						CreatedOnToolsVersion = 15.1;
						TestTargetID = 2616FFD72CEAF7BD00590245;
					};
				};
			};
			buildConfigurationList = 2616FFD32CEAF7BD00590245 /* Build configuration list for PBXProject "BlockBlastV4" */;
			compatibilityVersion = "Xcode 14.0";
			developmentRegion = en;
			hasScannedForEncodings = 0;
			knownRegions = (
				en,
				Base,
			);
			mainGroup = 2616FFCF2CEAF7BD00590245;
			productRefGroup = 2616FFD92CEAF7BD00590245 /* Products */;
			projectDirPath = "";
			projectRoot = "";
			targets = (
				2616FFD72CEAF7BD00590245 /* BlockBlastV4 */,
				2616FFF02CEAF7C000590245 /* BlockBlastV4Tests */,
				2616FFFA2CEAF7C000590245 /* BlockBlastV4UITests */,
			);
		};
/* End PBXProject section */

/* Begin PBXResourcesBuildPhase section */
		2616FFD62CEAF7BD00590245 /* Resources */ = {
			isa = PBXResourcesBuildPhase;
			buildActionMask = 2147483647;
			files = (
				2616FFE72CEAF7BD00590245 /* Main.storyboard in Resources */,
				2616FFDE2CEAF7BD00590245 /* GameScene.sks in Resources */,
				2616FFE92CEAF7BF00590245 /* Assets.xcassets in Resources */,
				2616FFEC2CEAF7BF00590245 /* LaunchScreen.storyboard in Resources */,
				2616FFE02CEAF7BD00590245 /* Actions.sks in Resources */,
				2616000F2CEAF94C00590245 /* GoogleService-Info.plist in Resources */,
			);
			runOnlyForDeploymentPostprocessing = 0;
		};
		2616FFEF2CEAF7C000590245 /* Resources */ = {
			isa = PBXResourcesBuildPhase;
			buildActionMask = 2147483647;
			files = (
			);
			runOnlyForDeploymentPostprocessing = 0;
		};
		2616FFF92CEAF7C000590245 /* Resources */ = {
			isa = PBXResourcesBuildPhase;
			buildActionMask = 2147483647;
			files = (
			);
			runOnlyForDeploymentPostprocessing = 0;
		};
/* End PBXResourcesBuildPhase section */

/* Begin PBXShellScriptBuildPhase section */
		138220ED4859CEAED2697477 /* [CP] Embed Pods Frameworks */ = {
			isa = PBXShellScriptBuildPhase;
			buildActionMask = 2147483647;
			files = (
			);
			inputFileListPaths = (
				"${PODS_ROOT}/Target Support Files/Pods-BlockBlastV4-BlockBlastV4UITests/Pods-BlockBlastV4-BlockBlastV4UITests-frameworks-${CONFIGURATION}-input-files.xcfilelist",
			);
			name = "[CP] Embed Pods Frameworks";
			outputFileListPaths = (
				"${PODS_ROOT}/Target Support Files/Pods-BlockBlastV4-BlockBlastV4UITests/Pods-BlockBlastV4-BlockBlastV4UITests-frameworks-${CONFIGURATION}-output-files.xcfilelist",
			);
			runOnlyForDeploymentPostprocessing = 0;
			shellPath = /bin/sh;
			shellScript = "\"${PODS_ROOT}/Target Support Files/Pods-BlockBlastV4-BlockBlastV4UITests/Pods-BlockBlastV4-BlockBlastV4UITests-frameworks.sh\"\n";
			showEnvVarsInLog = 0;
		};
		146310C4EEDDF21F712CDCB1 /* [CP] Embed Pods Frameworks */ = {
			isa = PBXShellScriptBuildPhase;
			buildActionMask = 2147483647;
			files = (
			);
			inputFileListPaths = (
				"${PODS_ROOT}/Target Support Files/Pods-BlockBlastV4/Pods-BlockBlastV4-frameworks-${CONFIGURATION}-input-files.xcfilelist",
			);
			name = "[CP] Embed Pods Frameworks";
			outputFileListPaths = (
				"${PODS_ROOT}/Target Support Files/Pods-BlockBlastV4/Pods-BlockBlastV4-frameworks-${CONFIGURATION}-output-files.xcfilelist",
			);
			runOnlyForDeploymentPostprocessing = 0;
			shellPath = /bin/sh;
			shellScript = "\"${PODS_ROOT}/Target Support Files/Pods-BlockBlastV4/Pods-BlockBlastV4-frameworks.sh\"\n";
			showEnvVarsInLog = 0;
		};
		49CE860ACD14294BDA6D8BA4 /* [CP] Check Pods Manifest.lock */ = {
			isa = PBXShellScriptBuildPhase;
			buildActionMask = 2147483647;
			files = (
			);
			inputFileListPaths = (
			);
			inputPaths = (
				"${PODS_PODFILE_DIR_PATH}/Podfile.lock",
				"${PODS_ROOT}/Manifest.lock",
			);
			name = "[CP] Check Pods Manifest.lock";
			outputFileListPaths = (
			);
			outputPaths = (
				"$(DERIVED_FILE_DIR)/Pods-BlockBlastV4-BlockBlastV4UITests-checkManifestLockResult.txt",
			);
			runOnlyForDeploymentPostprocessing = 0;
			shellPath = /bin/sh;
			shellScript = "diff \"${PODS_PODFILE_DIR_PATH}/Podfile.lock\" \"${PODS_ROOT}/Manifest.lock\" > /dev/null\nif [ $? != 0 ] ; then\n    # print error to STDERR\n    echo \"error: The sandbox is not in sync with the Podfile.lock. Run 'pod install' or update your CocoaPods installation.\" >&2\n    exit 1\nfi\n# This output is used by Xcode 'outputs' to avoid re-running this script phase.\necho \"SUCCESS\" > \"${SCRIPT_OUTPUT_FILE_0}\"\n";
			showEnvVarsInLog = 0;
		};
		C503202A72285F2FD3834E82 /* [CP] Check Pods Manifest.lock */ = {
			isa = PBXShellScriptBuildPhase;
			buildActionMask = 2147483647;
			files = (
			);
			inputFileListPaths = (
			);
			inputPaths = (
				"${PODS_PODFILE_DIR_PATH}/Podfile.lock",
				"${PODS_ROOT}/Manifest.lock",
			);
			name = "[CP] Check Pods Manifest.lock";
			outputFileListPaths = (
			);
			outputPaths = (
				"$(DERIVED_FILE_DIR)/Pods-BlockBlastV4-checkManifestLockResult.txt",
			);
			runOnlyForDeploymentPostprocessing = 0;
			shellPath = /bin/sh;
			shellScript = "diff \"${PODS_PODFILE_DIR_PATH}/Podfile.lock\" \"${PODS_ROOT}/Manifest.lock\" > /dev/null\nif [ $? != 0 ] ; then\n    # print error to STDERR\n    echo \"error: The sandbox is not in sync with the Podfile.lock. Run 'pod install' or update your CocoaPods installation.\" >&2\n    exit 1\nfi\n# This output is used by Xcode 'outputs' to avoid re-running this script phase.\necho \"SUCCESS\" > \"${SCRIPT_OUTPUT_FILE_0}\"\n";
			showEnvVarsInLog = 0;
		};
		EFDEFBC50D2EACEFCE84150D /* [CP] Check Pods Manifest.lock */ = {
			isa = PBXShellScriptBuildPhase;
			buildActionMask = 2147483647;
			files = (
			);
			inputFileListPaths = (
			);
			inputPaths = (
				"${PODS_PODFILE_DIR_PATH}/Podfile.lock",
				"${PODS_ROOT}/Manifest.lock",
			);
			name = "[CP] Check Pods Manifest.lock";
			outputFileListPaths = (
			);
			outputPaths = (
				"$(DERIVED_FILE_DIR)/Pods-BlockBlastV4Tests-checkManifestLockResult.txt",
			);
			runOnlyForDeploymentPostprocessing = 0;
			shellPath = /bin/sh;
			shellScript = "diff \"${PODS_PODFILE_DIR_PATH}/Podfile.lock\" \"${PODS_ROOT}/Manifest.lock\" > /dev/null\nif [ $? != 0 ] ; then\n    # print error to STDERR\n    echo \"error: The sandbox is not in sync with the Podfile.lock. Run 'pod install' or update your CocoaPods installation.\" >&2\n    exit 1\nfi\n# This output is used by Xcode 'outputs' to avoid re-running this script phase.\necho \"SUCCESS\" > \"${SCRIPT_OUTPUT_FILE_0}\"\n";
			showEnvVarsInLog = 0;
		};
/* End PBXShellScriptBuildPhase section */

/* Begin PBXSourcesBuildPhase section */
		2616FFD42CEAF7BD00590245 /* Sources */ = {
			isa = PBXSourcesBuildPhase;
			buildActionMask = 2147483647;
			files = (
				2669E5202CEAFDD20092B7EA /* GameOverScene.swift in Sources */,
				2616FFDC2CEAF7BD00590245 /* AppDelegate.swift in Sources */,
				2669E51E2CEAFDD20092B7EA /* GameViewController.swift in Sources */,
				2669E51F2CEAFDD20092B7EA /* GameScene.swift in Sources */,
				2669E51A2CEAFD390092B7EA /* StorageManager.swift in Sources */,
			);
			runOnlyForDeploymentPostprocessing = 0;
		};
		2616FFED2CEAF7C000590245 /* Sources */ = {
			isa = PBXSourcesBuildPhase;
			buildActionMask = 2147483647;
			files = (
				2616FFF62CEAF7C000590245 /* BlockBlastV4Tests.swift in Sources */,
			);
			runOnlyForDeploymentPostprocessing = 0;
		};
		2616FFF72CEAF7C000590245 /* Sources */ = {
			isa = PBXSourcesBuildPhase;
			buildActionMask = 2147483647;
			files = (
				261600002CEAF7C000590245 /* BlockBlastV4UITests.swift in Sources */,
				261600022CEAF7C000590245 /* BlockBlastV4UITestsLaunchTests.swift in Sources */,
			);
			runOnlyForDeploymentPostprocessing = 0;
		};
/* End PBXSourcesBuildPhase section */

/* Begin PBXTargetDependency section */
		2616FFF32CEAF7C000590245 /* PBXTargetDependency */ = {
			isa = PBXTargetDependency;
			target = 2616FFD72CEAF7BD00590245 /* BlockBlastV4 */;
			targetProxy = 2616FFF22CEAF7C000590245 /* PBXContainerItemProxy */;
		};
		2616FFFD2CEAF7C000590245 /* PBXTargetDependency */ = {
			isa = PBXTargetDependency;
			target = 2616FFD72CEAF7BD00590245 /* BlockBlastV4 */;
			targetProxy = 2616FFFC2CEAF7C000590245 /* PBXContainerItemProxy */;
		};
/* End PBXTargetDependency section */

/* Begin PBXVariantGroup section */
		2616FFE52CEAF7BD00590245 /* Main.storyboard */ = {
			isa = PBXVariantGroup;
			children = (
				2616FFE62CEAF7BD00590245 /* Base */,
			);
			name = Main.storyboard;
			sourceTree = "<group>";
		};
		2616FFEA2CEAF7BF00590245 /* LaunchScreen.storyboard */ = {
			isa = PBXVariantGroup;
			children = (
				2616FFEB2CEAF7BF00590245 /* Base */,
			);
			name = LaunchScreen.storyboard;
			sourceTree = "<group>";
		};
/* End PBXVariantGroup section */

/* Begin XCBuildConfiguration section */
		261600032CEAF7C000590245 /* Debug */ = {
			isa = XCBuildConfiguration;
			buildSettings = {
				ALWAYS_SEARCH_USER_PATHS = NO;
				ASSETCATALOG_COMPILER_GENERATE_SWIFT_ASSET_SYMBOL_EXTENSIONS = YES;
				CLANG_ANALYZER_NONNULL = YES;
				CLANG_ANALYZER_NUMBER_OBJECT_CONVERSION = YES_AGGRESSIVE;
				CLANG_CXX_LANGUAGE_STANDARD = "gnu++20";
				CLANG_ENABLE_MODULES = YES;
				CLANG_ENABLE_OBJC_ARC = YES;
				CLANG_ENABLE_OBJC_WEAK = YES;
				CLANG_WARN_BLOCK_CAPTURE_AUTORELEASING = YES;
				CLANG_WARN_BOOL_CONVERSION = YES;
				CLANG_WARN_COMMA = YES;
				CLANG_WARN_CONSTANT_CONVERSION = YES;
				CLANG_WARN_DEPRECATED_OBJC_IMPLEMENTATIONS = YES;
				CLANG_WARN_DIRECT_OBJC_ISA_USAGE = YES_ERROR;
				CLANG_WARN_DOCUMENTATION_COMMENTS = YES;
				CLANG_WARN_EMPTY_BODY = YES;
				CLANG_WARN_ENUM_CONVERSION = YES;
				CLANG_WARN_INFINITE_RECURSION = YES;
				CLANG_WARN_INT_CONVERSION = YES;
				CLANG_WARN_NON_LITERAL_NULL_CONVERSION = YES;
				CLANG_WARN_OBJC_IMPLICIT_RETAIN_SELF = YES;
				CLANG_WARN_OBJC_LITERAL_CONVERSION = YES;
				CLANG_WARN_OBJC_ROOT_CLASS = YES_ERROR;
				CLANG_WARN_QUOTED_INCLUDE_IN_FRAMEWORK_HEADER = YES;
				CLANG_WARN_RANGE_LOOP_ANALYSIS = YES;
				CLANG_WARN_STRICT_PROTOTYPES = YES;
				CLANG_WARN_SUSPICIOUS_MOVE = YES;
				CLANG_WARN_UNGUARDED_AVAILABILITY = YES_AGGRESSIVE;
				CLANG_WARN_UNREACHABLE_CODE = YES;
				CLANG_WARN__DUPLICATE_METHOD_MATCH = YES;
				COPY_PHASE_STRIP = NO;
				DEBUG_INFORMATION_FORMAT = dwarf;
				ENABLE_STRICT_OBJC_MSGSEND = YES;
				ENABLE_TESTABILITY = YES;
				ENABLE_USER_SCRIPT_SANDBOXING = NO;
				GCC_C_LANGUAGE_STANDARD = gnu17;
				GCC_DYNAMIC_NO_PIC = NO;
				GCC_NO_COMMON_BLOCKS = YES;
				GCC_OPTIMIZATION_LEVEL = 0;
				GCC_PREPROCESSOR_DEFINITIONS = (
					"DEBUG=1",
					"$(inherited)",
				);
				GCC_WARN_64_TO_32_BIT_CONVERSION = YES;
				GCC_WARN_ABOUT_RETURN_TYPE = YES_ERROR;
				GCC_WARN_UNDECLARED_SELECTOR = YES;
				GCC_WARN_UNINITIALIZED_AUTOS = YES_AGGRESSIVE;
				GCC_WARN_UNUSED_FUNCTION = YES;
				GCC_WARN_UNUSED_VARIABLE = YES;
				IPHONEOS_DEPLOYMENT_TARGET = 17.2;
				LOCALIZATION_PREFERS_STRING_CATALOGS = YES;
				MTL_ENABLE_DEBUG_INFO = INCLUDE_SOURCE;
				MTL_FAST_MATH = YES;
				ONLY_ACTIVE_ARCH = YES;
				SDKROOT = iphoneos;
				SWIFT_ACTIVE_COMPILATION_CONDITIONS = "DEBUG $(inherited)";
				SWIFT_OPTIMIZATION_LEVEL = "-Onone";
			};
			name = Debug;
		};
		261600042CEAF7C000590245 /* Release */ = {
			isa = XCBuildConfiguration;
			buildSettings = {
				ALWAYS_SEARCH_USER_PATHS = NO;
				ASSETCATALOG_COMPILER_GENERATE_SWIFT_ASSET_SYMBOL_EXTENSIONS = YES;
				CLANG_ANALYZER_NONNULL = YES;
				CLANG_ANALYZER_NUMBER_OBJECT_CONVERSION = YES_AGGRESSIVE;
				CLANG_CXX_LANGUAGE_STANDARD = "gnu++20";
				CLANG_ENABLE_MODULES = YES;
				CLANG_ENABLE_OBJC_ARC = YES;
				CLANG_ENABLE_OBJC_WEAK = YES;
				CLANG_WARN_BLOCK_CAPTURE_AUTORELEASING = YES;
				CLANG_WARN_BOOL_CONVERSION = YES;
				CLANG_WARN_COMMA = YES;
				CLANG_WARN_CONSTANT_CONVERSION = YES;
				CLANG_WARN_DEPRECATED_OBJC_IMPLEMENTATIONS = YES;
				CLANG_WARN_DIRECT_OBJC_ISA_USAGE = YES_ERROR;
				CLANG_WARN_DOCUMENTATION_COMMENTS = YES;
				CLANG_WARN_EMPTY_BODY = YES;
				CLANG_WARN_ENUM_CONVERSION = YES;
				CLANG_WARN_INFINITE_RECURSION = YES;
				CLANG_WARN_INT_CONVERSION = YES;
				CLANG_WARN_NON_LITERAL_NULL_CONVERSION = YES;
				CLANG_WARN_OBJC_IMPLICIT_RETAIN_SELF = YES;
				CLANG_WARN_OBJC_LITERAL_CONVERSION = YES;
				CLANG_WARN_OBJC_ROOT_CLASS = YES_ERROR;
				CLANG_WARN_QUOTED_INCLUDE_IN_FRAMEWORK_HEADER = YES;
				CLANG_WARN_RANGE_LOOP_ANALYSIS = YES;
				CLANG_WARN_STRICT_PROTOTYPES = YES;
				CLANG_WARN_SUSPICIOUS_MOVE = YES;
				CLANG_WARN_UNGUARDED_AVAILABILITY = YES_AGGRESSIVE;
				CLANG_WARN_UNREACHABLE_CODE = YES;
				CLANG_WARN__DUPLICATE_METHOD_MATCH = YES;
				COPY_PHASE_STRIP = NO;
				DEBUG_INFORMATION_FORMAT = "dwarf-with-dsym";
				ENABLE_NS_ASSERTIONS = NO;
				ENABLE_STRICT_OBJC_MSGSEND = YES;
				ENABLE_USER_SCRIPT_SANDBOXING = NO;
				GCC_C_LANGUAGE_STANDARD = gnu17;
				GCC_NO_COMMON_BLOCKS = YES;
				GCC_WARN_64_TO_32_BIT_CONVERSION = YES;
				GCC_WARN_ABOUT_RETURN_TYPE = YES_ERROR;
				GCC_WARN_UNDECLARED_SELECTOR = YES;
				GCC_WARN_UNINITIALIZED_AUTOS = YES_AGGRESSIVE;
				GCC_WARN_UNUSED_FUNCTION = YES;
				GCC_WARN_UNUSED_VARIABLE = YES;
				IPHONEOS_DEPLOYMENT_TARGET = 17.2;
				LOCALIZATION_PREFERS_STRING_CATALOGS = YES;
				MTL_ENABLE_DEBUG_INFO = NO;
				MTL_FAST_MATH = YES;
				SDKROOT = iphoneos;
				SWIFT_COMPILATION_MODE = wholemodule;
				VALIDATE_PRODUCT = YES;
			};
			name = Release;
		};
		261600062CEAF7C000590245 /* Debug */ = {
			isa = XCBuildConfiguration;
			baseConfigurationReference = 074A87EEB1F141744EE58777 /* Pods-BlockBlastV4.debug.xcconfig */;
			buildSettings = {
				ASSETCATALOG_COMPILER_APPICON_NAME = AppIcon;
				ASSETCATALOG_COMPILER_GLOBAL_ACCENT_COLOR_NAME = AccentColor;
				CODE_SIGN_STYLE = Automatic;
				CURRENT_PROJECT_VERSION = 1;
				DEVELOPMENT_TEAM = 52345C98P9;
				GENERATE_INFOPLIST_FILE = YES;
				INFOPLIST_KEY_UIApplicationSupportsIndirectInputEvents = YES;
				INFOPLIST_KEY_UILaunchStoryboardName = LaunchScreen;
				INFOPLIST_KEY_UIMainStoryboardFile = Main;
				INFOPLIST_KEY_UIRequiresFullScreen = YES;
				INFOPLIST_KEY_UIStatusBarHidden = YES;
				INFOPLIST_KEY_UISupportedInterfaceOrientations = "UIInterfaceOrientationPortrait UIInterfaceOrientationPortraitUpsideDown";
				IPHONEOS_DEPLOYMENT_TARGET = 13.0;
				LD_RUNPATH_SEARCH_PATHS = (
					"$(inherited)",
					"@executable_path/Frameworks",
				);
				MARKETING_VERSION = 1.0;
				PRODUCT_BUNDLE_IDENTIFIER = "com.example.apple-samplecode.BlockBlastV4";
				PRODUCT_NAME = "$(TARGET_NAME)";
				SWIFT_EMIT_LOC_STRINGS = YES;
				SWIFT_VERSION = 5.0;
				TARGETED_DEVICE_FAMILY = "1,2";
			};
			name = Debug;
		};
		261600072CEAF7C000590245 /* Release */ = {
			isa = XCBuildConfiguration;
			baseConfigurationReference = 310158C565E958161EB476B4 /* Pods-BlockBlastV4.release.xcconfig */;
			buildSettings = {
				ASSETCATALOG_COMPILER_APPICON_NAME = AppIcon;
				ASSETCATALOG_COMPILER_GLOBAL_ACCENT_COLOR_NAME = AccentColor;
				CODE_SIGN_STYLE = Automatic;
				CURRENT_PROJECT_VERSION = 1;
				DEVELOPMENT_TEAM = 52345C98P9;
				GENERATE_INFOPLIST_FILE = YES;
				INFOPLIST_KEY_UIApplicationSupportsIndirectInputEvents = YES;
				INFOPLIST_KEY_UILaunchStoryboardName = LaunchScreen;
				INFOPLIST_KEY_UIMainStoryboardFile = Main;
				INFOPLIST_KEY_UIRequiresFullScreen = YES;
				INFOPLIST_KEY_UIStatusBarHidden = YES;
				INFOPLIST_KEY_UISupportedInterfaceOrientations = "UIInterfaceOrientationPortrait UIInterfaceOrientationPortraitUpsideDown";
				IPHONEOS_DEPLOYMENT_TARGET = 13.0;
				LD_RUNPATH_SEARCH_PATHS = (
					"$(inherited)",
					"@executable_path/Frameworks",
				);
				MARKETING_VERSION = 1.0;
				PRODUCT_BUNDLE_IDENTIFIER = "com.example.apple-samplecode.BlockBlastV4";
				PRODUCT_NAME = "$(TARGET_NAME)";
				SWIFT_EMIT_LOC_STRINGS = YES;
				SWIFT_VERSION = 5.0;
				TARGETED_DEVICE_FAMILY = "1,2";
			};
			name = Release;
		};
		261600092CEAF7C000590245 /* Debug */ = {
			isa = XCBuildConfiguration;
			baseConfigurationReference = 703EBE21CB1EB7E3310CED17 /* Pods-BlockBlastV4Tests.debug.xcconfig */;
			buildSettings = {
				ALWAYS_EMBED_SWIFT_STANDARD_LIBRARIES = YES;
				BUNDLE_LOADER = "$(TEST_HOST)";
				CODE_SIGN_STYLE = Automatic;
				CURRENT_PROJECT_VERSION = 1;
				GENERATE_INFOPLIST_FILE = YES;
				IPHONEOS_DEPLOYMENT_TARGET = 17.2;
				MARKETING_VERSION = 1.0;
				PRODUCT_BUNDLE_IDENTIFIER = "com.example.apple-samplecode.BlockBlastV4Tests";
				PRODUCT_NAME = "$(TARGET_NAME)";
				SWIFT_EMIT_LOC_STRINGS = NO;
				SWIFT_VERSION = 5.0;
				TARGETED_DEVICE_FAMILY = "1,2";
				TEST_HOST = "$(BUILT_PRODUCTS_DIR)/BlockBlastV4.app/$(BUNDLE_EXECUTABLE_FOLDER_PATH)/BlockBlastV4";
			};
			name = Debug;
		};
		2616000A2CEAF7C000590245 /* Release */ = {
			isa = XCBuildConfiguration;
			baseConfigurationReference = FE4876D1A85375B72EFE50BD /* Pods-BlockBlastV4Tests.release.xcconfig */;
			buildSettings = {
				ALWAYS_EMBED_SWIFT_STANDARD_LIBRARIES = YES;
				BUNDLE_LOADER = "$(TEST_HOST)";
				CODE_SIGN_STYLE = Automatic;
				CURRENT_PROJECT_VERSION = 1;
				GENERATE_INFOPLIST_FILE = YES;
				IPHONEOS_DEPLOYMENT_TARGET = 17.2;
				MARKETING_VERSION = 1.0;
				PRODUCT_BUNDLE_IDENTIFIER = "com.example.apple-samplecode.BlockBlastV4Tests";
				PRODUCT_NAME = "$(TARGET_NAME)";
				SWIFT_EMIT_LOC_STRINGS = NO;
				SWIFT_VERSION = 5.0;
				TARGETED_DEVICE_FAMILY = "1,2";
				TEST_HOST = "$(BUILT_PRODUCTS_DIR)/BlockBlastV4.app/$(BUNDLE_EXECUTABLE_FOLDER_PATH)/BlockBlastV4";
			};
			name = Release;
		};
		2616000C2CEAF7C000590245 /* Debug */ = {
			isa = XCBuildConfiguration;
			baseConfigurationReference = C25DFDF8719FD7A7F835AB7B /* Pods-BlockBlastV4-BlockBlastV4UITests.debug.xcconfig */;
			buildSettings = {
				ALWAYS_EMBED_SWIFT_STANDARD_LIBRARIES = YES;
				CODE_SIGN_STYLE = Automatic;
				CURRENT_PROJECT_VERSION = 1;
				GENERATE_INFOPLIST_FILE = YES;
				MARKETING_VERSION = 1.0;
				PRODUCT_BUNDLE_IDENTIFIER = "com.example.apple-samplecode.BlockBlastV4UITests";
				PRODUCT_NAME = "$(TARGET_NAME)";
				SWIFT_EMIT_LOC_STRINGS = NO;
				SWIFT_VERSION = 5.0;
				TARGETED_DEVICE_FAMILY = "1,2";
				TEST_TARGET_NAME = BlockBlastV4;
			};
			name = Debug;
		};
		2616000D2CEAF7C000590245 /* Release */ = {
			isa = XCBuildConfiguration;
			baseConfigurationReference = A978E250FE775F897871A328 /* Pods-BlockBlastV4-BlockBlastV4UITests.release.xcconfig */;
			buildSettings = {
				ALWAYS_EMBED_SWIFT_STANDARD_LIBRARIES = YES;
				CODE_SIGN_STYLE = Automatic;
				CURRENT_PROJECT_VERSION = 1;
				GENERATE_INFOPLIST_FILE = YES;
				MARKETING_VERSION = 1.0;
				PRODUCT_BUNDLE_IDENTIFIER = "com.example.apple-samplecode.BlockBlastV4UITests";
				PRODUCT_NAME = "$(TARGET_NAME)";
				SWIFT_EMIT_LOC_STRINGS = NO;
				SWIFT_VERSION = 5.0;
				TARGETED_DEVICE_FAMILY = "1,2";
				TEST_TARGET_NAME = BlockBlastV4;
			};
			name = Release;
		};
/* End XCBuildConfiguration section */

/* Begin XCConfigurationList section */
		261600052CEAF7C000590245 /* Build configuration list for PBXNativeTarget "BlockBlastV4" */ = {
			isa = XCConfigurationList;
			buildConfigurations = (
				261600062CEAF7C000590245 /* Debug */,
				261600072CEAF7C000590245 /* Release */,
			);
			defaultConfigurationIsVisible = 0;
			defaultConfigurationName = Release;
		};
		261600082CEAF7C000590245 /* Build configuration list for PBXNativeTarget "BlockBlastV4Tests" */ = {
			isa = XCConfigurationList;
			buildConfigurations = (
				261600092CEAF7C000590245 /* Debug */,
				2616000A2CEAF7C000590245 /* Release */,
			);
			defaultConfigurationIsVisible = 0;
			defaultConfigurationName = Release;
		};
		2616000B2CEAF7C000590245 /* Build configuration list for PBXNativeTarget "BlockBlastV4UITests" */ = {
			isa = XCConfigurationList;
			buildConfigurations = (
				2616000C2CEAF7C000590245 /* Debug */,
				2616000D2CEAF7C000590245 /* Release */,
			);
			defaultConfigurationIsVisible = 0;
			defaultConfigurationName = Release;
		};
		2616FFD32CEAF7BD00590245 /* Build configuration list for PBXProject "BlockBlastV4" */ = {
			isa = XCConfigurationList;
			buildConfigurations = (
				261600032CEAF7C000590245 /* Debug */,
				261600042CEAF7C000590245 /* Release */,
			);
			defaultConfigurationIsVisible = 0;
			defaultConfigurationName = Release;
		};
/* End XCConfigurationList section */
	};
	rootObject = 2616FFD02CEAF7BD00590245 /* Project object */;
}
